
Microsoft Visual Studio Solution File, Format Version 12.00
# Visual Studio Version 17
VisualStudioVersion = 17.0.31903.59
MinimumVisualStudioVersion = 10.0.40219.1
Project("{FAE04EC0-301F-11D3-BF4B-00C04F79EFBC}") = "Holisticware.Library.Snippets.Mappings", "Holisticware.Library.Snippets.Mappings\Holisticware.Library.Snippets.Mappings.csproj", "{F7AB8B78-2ED9-4BE1-98BC-6F53BDC692A2}"
EndProject
Project("{FAE04EC0-301F-11D3-BF4B-00C04F79EFBC}") = "AppConsole.Tests.Benchmarks.Mappings", "AppConsole.Tests.Benchmarks.Mappings\AppConsole.Tests.Benchmarks.Mappings.csproj", "{051CB06F-C0A4-4BB4-A563-7E92FAAD4743}"
EndProject
Global
	GlobalSection(SolutionConfigurationPlatforms) = preSolution
		Debug|Any CPU = Debug|Any CPU
		Release|Any CPU = Release|Any CPU
	EndGlobalSection
	GlobalSection(SolutionProperties) = preSolution
		HideSolutionNode = FALSE
	EndGlobalSection
	GlobalSection(ProjectConfigurationPlatforms) = postSolution
		{F7AB8B78-2ED9-4BE1-98BC-6F53BDC692A2}.Debug|Any CPU.ActiveCfg = Debug|Any CPU
		{F7AB8B78-2ED9-4BE1-98BC-6F53BDC692A2}.Debug|Any CPU.Build.0 = Debug|Any CPU
		{F7AB8B78-2ED9-4BE1-98BC-6F53BDC692A2}.Release|Any CPU.ActiveCfg = Release|Any CPU
		{F7AB8B78-2ED9-4BE1-98BC-6F53BDC692A2}.Release|Any CPU.Build.0 = Release|Any CPU
		{051CB06F-C0A4-4BB4-A563-7E92FAAD4743}.Debug|Any CPU.ActiveCfg = Debug|Any CPU
		{051CB06F-C0A4-4BB4-A563-7E92FAAD4743}.Debug|Any CPU.Build.0 = Debug|Any CPU
		{051CB06F-C0A4-4BB4-A563-7E92FAAD4743}.Release|Any CPU.ActiveCfg = Release|Any CPU
		{051CB06F-C0A4-4BB4-A563-7E92FAAD4743}.Release|Any CPU.Build.0 = Release|Any CPU
	EndGlobalSection
EndGlobal
