
Microsoft Visual Studio Solution File, Format Version 12.00
# Visual Studio Version 17
VisualStudioVersion = 17.0.31903.59
MinimumVisualStudioVersion = 10.0.40219.1
Project("{2150E333-8FDC-42A3-9474-1A3956D46DE8}") = "Formatters-Serialization-Deserialization", "Formatters-Serialization-Deserialization", "{A9AE0413-FC8F-4615-8FF2-A0C9AA3B07FE}"
EndProject
Project("{2150E333-8FDC-42A3-9474-1A3956D46DE8}") = "JSON", "JSON", "{0E251602-F543-497B-8425-AFEA8B2A08AB}"
EndProject
Project("{2150E333-8FDC-42A3-9474-1A3956D46DE8}") = "XML", "XML", "{5EF2A974-C64F-42DF-83CA-A31F9243EAC3}"
EndProject
Project("{2150E333-8FDC-42A3-9474-1A3956D46DE8}") = "CSV-CharacterSeparatedValues", "CSV-CharacterSeparatedValues", "{729173DB-0B76-4DEF-BFFB-F9C8904EF5B6}"
EndProject
Project("{2150E333-8FDC-42A3-9474-1A3956D46DE8}") = "Textual", "Textual", "{8C9611F3-7041-4CDD-902F-5BFF074837B5}"
EndProject
Project("{2150E333-8FDC-42A3-9474-1A3956D46DE8}") = "Binary", "Binary", "{F62B1E6C-8BF7-4489-AC8E-95611F7FB3CC}"
EndProject
Project("{2150E333-8FDC-42A3-9474-1A3956D46DE8}") = "ProtoBuffers", "ProtoBuffers", "{AF8BF65C-E39A-4D44-BC2B-1B96FF3164F0}"
EndProject
Project("{2150E333-8FDC-42A3-9474-1A3956D46DE8}") = "FlattBuffers", "FlattBuffers", "{DD79C8E2-24CD-4DCF-8FB5-668088EB4AB3}"
EndProject
Project("{2150E333-8FDC-42A3-9474-1A3956D46DE8}") = "Bond", "Bond", "{4A97D082-EF60-4C58-8752-AE7B47878681}"
EndProject
Project("{2150E333-8FDC-42A3-9474-1A3956D46DE8}") = "Avro", "Avro", "{41E89F6A-3C40-4DC9-B6D0-888B9E431524}"
EndProject
Project("{2150E333-8FDC-42A3-9474-1A3956D46DE8}") = "InputOutput-IO", "InputOutput-IO", "{4CDB56AD-D42F-4EC6-9FE7-2B1A08E4E2C2}"
EndProject
Project("{2150E333-8FDC-42A3-9474-1A3956D46DE8}") = "MemoryStream", "MemoryStream", "{7C584BDF-022E-468A-941D-6600609AAF75}"
	ProjectSection(SolutionItems) = preProject
		InputOutput-IO\MemoryStream\readme.md = InputOutput-IO\MemoryStream\readme.md
	EndProjectSection
EndProject
Project("{FAE04EC0-301F-11D3-BF4B-00C04F79EFBC}") = "AppConsole.Tests.Benchmarks.MemoryStream", "InputOutput-IO\MemoryStream\AppConsole.Tests.Benchmarks.MemoryStream\AppConsole.Tests.Benchmarks.MemoryStream.csproj", "{8FED93D3-6CDC-4C4A-93AC-0FF8CE37C075}"
EndProject
Project("{FAE04EC0-301F-11D3-BF4B-00C04F79EFBC}") = "Holisticware.Library.Snippets.MemoryStream", "InputOutput-IO\MemoryStream\Holisticware.Library.Snippets.MemoryStream\Holisticware.Library.Snippets.MemoryStream.csproj", "{019498B2-1B03-4931-9247-379AA4479C3D}"
EndProject
Project("{2150E333-8FDC-42A3-9474-1A3956D46DE8}") = "YAML", "YAML", "{F3FD5571-DEB0-4A9C-880E-8253B6555158}"
EndProject
Global
	GlobalSection(NestedProjects) = preSolution
		{8C9611F3-7041-4CDD-902F-5BFF074837B5} = {A9AE0413-FC8F-4615-8FF2-A0C9AA3B07FE}
		{729173DB-0B76-4DEF-BFFB-F9C8904EF5B6} = {8C9611F3-7041-4CDD-902F-5BFF074837B5}
		{0E251602-F543-497B-8425-AFEA8B2A08AB} = {8C9611F3-7041-4CDD-902F-5BFF074837B5}
		{5EF2A974-C64F-42DF-83CA-A31F9243EAC3} = {8C9611F3-7041-4CDD-902F-5BFF074837B5}
		{F62B1E6C-8BF7-4489-AC8E-95611F7FB3CC} = {A9AE0413-FC8F-4615-8FF2-A0C9AA3B07FE}
		{AF8BF65C-E39A-4D44-BC2B-1B96FF3164F0} = {F62B1E6C-8BF7-4489-AC8E-95611F7FB3CC}
		{DD79C8E2-24CD-4DCF-8FB5-668088EB4AB3} = {F62B1E6C-8BF7-4489-AC8E-95611F7FB3CC}
		{4A97D082-EF60-4C58-8752-AE7B47878681} = {F62B1E6C-8BF7-4489-AC8E-95611F7FB3CC}
		{41E89F6A-3C40-4DC9-B6D0-888B9E431524} = {F62B1E6C-8BF7-4489-AC8E-95611F7FB3CC}
		{7C584BDF-022E-468A-941D-6600609AAF75} = {4CDB56AD-D42F-4EC6-9FE7-2B1A08E4E2C2}
		{8FED93D3-6CDC-4C4A-93AC-0FF8CE37C075} = {7C584BDF-022E-468A-941D-6600609AAF75}
		{019498B2-1B03-4931-9247-379AA4479C3D} = {7C584BDF-022E-468A-941D-6600609AAF75}
		{F3FD5571-DEB0-4A9C-880E-8253B6555158} = {8C9611F3-7041-4CDD-902F-5BFF074837B5}
	EndGlobalSection
	GlobalSection(ProjectConfigurationPlatforms) = postSolution
	EndGlobalSection
EndGlobal
