
Microsoft Visual Studio Solution File, Format Version 12.00
# Visual Studio Version 17
VisualStudioVersion = 17.0.31903.59
MinimumVisualStudioVersion = 10.0.40219.1
Project("{2150E333-8FDC-42A3-9474-1A3956D46DE8}") = "Null-Checking-Nullable", "Null-Checking-Nullable", "{38E5C7FD-36B0-4CC7-9F6D-B0BD64FF4166}"
EndProject
Project("{2150E333-8FDC-42A3-9474-1A3956D46DE8}") = "PatternMatching", "PatternMatching", "{1343465C-8CFE-4824-A669-67D1C421661E}"
EndProject
Project("{2150E333-8FDC-42A3-9474-1A3956D46DE8}") = "Collection-Initializers-Expressions", "Collection-Initializers-Expressions", "{AF28C8FE-29D1-4330-8D9B-F16ABC000A13}"
EndProject
Project("{2150E333-8FDC-42A3-9474-1A3956D46DE8}") = "Solution Items", "Solution Items", "{38AF566B-4C37-411F-9C7F-4775DAA677D8}"
	ProjectSection(SolutionItems) = preProject
		Strings/Strings.sln = Strings/Strings.sln
		Strings/readme.md = Strings/readme.md
	EndProjectSection
EndProject
Global
	GlobalSection(NestedProjects) = preSolution
	EndGlobalSection
EndGlobal
