
Microsoft Visual Studio Solution File, Format Version 12.00
# Visual Studio Version 17
VisualStudioVersion = 17.0.31903.59
MinimumVisualStudioVersion = 10.0.40219.1
Project("{FAE04EC0-301F-11D3-BF4B-00C04F79EFBC}") = "Holisticware.Library.Snippets.Strings", "Holisticware.Library.Snippets.Strings\Holisticware.Library.Snippets.Strings.csproj", "{157152F1-7CFD-41B5-95E9-61605CBA7018}"
EndProject
Project("{FAE04EC0-301F-11D3-BF4B-00C04F79EFBC}") = "AppConsole.Tests.Benchmarks.Strings", "AppConsole.Tests.Benchmarks.Strings\AppConsole.Tests.Benchmarks.Strings.csproj", "{EE0C9F42-D247-40E7-B43E-31D957FDF3E7}"
EndProject
Global
	GlobalSection(ProjectConfigurationPlatforms) = postSolution
		{EE0C9F42-D247-40E7-B43E-31D957FDF3E7}.Release|Any CPU.ActiveCfg = Release|Any CPU
		{EE0C9F42-D247-40E7-B43E-31D957FDF3E7}.Release|Any CPU.Build.0 = Release|Any CPU
		{157152F1-7CFD-41B5-95E9-61605CBA7018}.Release|Any CPU.ActiveCfg = Release|Any CPU
		{157152F1-7CFD-41B5-95E9-61605CBA7018}.Release|Any CPU.Build.0 = Release|Any CPU
	EndGlobalSection
	GlobalSection(SolutionConfigurationPlatforms) = preSolution
		Release|Any CPU = Release|Any CPU
	EndGlobalSection
EndGlobal
